
Microsoft Visual Studio Solution File, Format Version 12.00
# Visual Studio Version 16
VisualStudioVersion = 16.0.31112.23
MinimumVisualStudioVersion = 10.0.40219.1
Project("{9A19103F-16F7-4668-BE54-9A1E7A4F7556}") = "PingMan.UI", "PingMan.UI\PingMan.UI.csproj", "{37B8ED48-9E66-4F3E-833C-204AC32A9F76}"
EndProject
Project("{FAE04EC0-301F-11D3-BF4B-00C04F79EFBC}") = "PingMan.BusinessLogic", "PingMan.BusinessLogic\PingMan.BusinessLogic.csproj", "{6C35AA58-AFEE-402E-97A9-2DA0897B3AA3}"
EndProject
Global
	GlobalSection(SolutionConfigurationPlatforms) = preSolution
		Debug|Any CPU = Debug|Any CPU
		Release|Any CPU = Release|Any CPU
	EndGlobalSection
	GlobalSection(ProjectConfigurationPlatforms) = postSolution
		{37B8ED48-9E66-4F3E-833C-204AC32A9F76}.Debug|Any CPU.ActiveCfg = Debug|Any CPU
		{37B8ED48-9E66-4F3E-833C-204AC32A9F76}.Debug|Any CPU.Build.0 = Debug|Any CPU
		{37B8ED48-9E66-4F3E-833C-204AC32A9F76}.Release|Any CPU.ActiveCfg = Release|Any CPU
		{37B8ED48-9E66-4F3E-833C-204AC32A9F76}.Release|Any CPU.Build.0 = Release|Any CPU
		{6C35AA58-AFEE-402E-97A9-2DA0897B3AA3}.Debug|Any CPU.ActiveCfg = Debug|Any CPU
		{6C35AA58-AFEE-402E-97A9-2DA0897B3AA3}.Debug|Any CPU.Build.0 = Debug|Any CPU
		{6C35AA58-AFEE-402E-97A9-2DA0897B3AA3}.Release|Any CPU.ActiveCfg = Release|Any CPU
		{6C35AA58-AFEE-402E-97A9-2DA0897B3AA3}.Release|Any CPU.Build.0 = Release|Any CPU
	EndGlobalSection
	GlobalSection(SolutionProperties) = preSolution
		HideSolutionNode = FALSE
	EndGlobalSection
	GlobalSection(ExtensibilityGlobals) = postSolution
		SolutionGuid = {865DA007-49D0-4898-A49D-C9C08BE4FC14}
	EndGlobalSection
EndGlobal
